
Microsoft Visual Studio Solution File, Format Version 12.00
# Visual Studio Version 17
VisualStudioVersion = 17.6.33723.286
MinimumVisualStudioVersion = 10.0.40219.1
Project("{FAE04EC0-301F-11D3-BF4B-00C04F79EFBC}") = "Task1", "Task1\Task1.csproj", "{5118AB34-068F-4A18-BC3C-FB086EF2F062}"
EndProject
Project("{FAE04EC0-301F-11D3-BF4B-00C04F79EFBC}") = "Task2", "Task2\Task2.csproj", "{A9847867-BE1B-4B51-8AAD-F817C3DC3C0D}"
EndProject
Project("{FAE04EC0-301F-11D3-BF4B-00C04F79EFBC}") = "Task3", "Task3\Task3.csproj", "{8CCE566E-98C5-422A-A787-23F54FF3F7B4}"
EndProject
Project("{FAE04EC0-301F-11D3-BF4B-00C04F79EFBC}") = "Task4", "Task4\Task4.csproj", "{91D588D3-0D86-430D-BD34-FEA8483ACF4A}"
EndProject
Project("{FAE04EC0-301F-11D3-BF4B-00C04F79EFBC}") = "Task5", "Task5\Task5.csproj", "{9BCD44C7-13EF-4005-9C56-BBCB158EEBBB}"
EndProject
Global
	GlobalSection(SolutionConfigurationPlatforms) = preSolution
		Debug|Any CPU = Debug|Any CPU
		Release|Any CPU = Release|Any CPU
	EndGlobalSection
	GlobalSection(ProjectConfigurationPlatforms) = postSolution
		{5118AB34-068F-4A18-BC3C-FB086EF2F062}.Debug|Any CPU.ActiveCfg = Debug|Any CPU
		{5118AB34-068F-4A18-BC3C-FB086EF2F062}.Debug|Any CPU.Build.0 = Debug|Any CPU
		{5118AB34-068F-4A18-BC3C-FB086EF2F062}.Release|Any CPU.ActiveCfg = Release|Any CPU
		{5118AB34-068F-4A18-BC3C-FB086EF2F062}.Release|Any CPU.Build.0 = Release|Any CPU
		{A9847867-BE1B-4B51-8AAD-F817C3DC3C0D}.Debug|Any CPU.ActiveCfg = Debug|Any CPU
		{A9847867-BE1B-4B51-8AAD-F817C3DC3C0D}.Debug|Any CPU.Build.0 = Debug|Any CPU
		{A9847867-BE1B-4B51-8AAD-F817C3DC3C0D}.Release|Any CPU.ActiveCfg = Release|Any CPU
		{A9847867-BE1B-4B51-8AAD-F817C3DC3C0D}.Release|Any CPU.Build.0 = Release|Any CPU
		{8CCE566E-98C5-422A-A787-23F54FF3F7B4}.Debug|Any CPU.ActiveCfg = Debug|Any CPU
		{8CCE566E-98C5-422A-A787-23F54FF3F7B4}.Debug|Any CPU.Build.0 = Debug|Any CPU
		{8CCE566E-98C5-422A-A787-23F54FF3F7B4}.Release|Any CPU.ActiveCfg = Release|Any CPU
		{8CCE566E-98C5-422A-A787-23F54FF3F7B4}.Release|Any CPU.Build.0 = Release|Any CPU
		{91D588D3-0D86-430D-BD34-FEA8483ACF4A}.Debug|Any CPU.ActiveCfg = Debug|Any CPU
		{91D588D3-0D86-430D-BD34-FEA8483ACF4A}.Debug|Any CPU.Build.0 = Debug|Any CPU
		{91D588D3-0D86-430D-BD34-FEA8483ACF4A}.Release|Any CPU.ActiveCfg = Release|Any CPU
		{91D588D3-0D86-430D-BD34-FEA8483ACF4A}.Release|Any CPU.Build.0 = Release|Any CPU
		{9BCD44C7-13EF-4005-9C56-BBCB158EEBBB}.Debug|Any CPU.ActiveCfg = Debug|Any CPU
		{9BCD44C7-13EF-4005-9C56-BBCB158EEBBB}.Debug|Any CPU.Build.0 = Debug|Any CPU
		{9BCD44C7-13EF-4005-9C56-BBCB158EEBBB}.Release|Any CPU.ActiveCfg = Release|Any CPU
		{9BCD44C7-13EF-4005-9C56-BBCB158EEBBB}.Release|Any CPU.Build.0 = Release|Any CPU
	EndGlobalSection
	GlobalSection(SolutionProperties) = preSolution
		HideSolutionNode = FALSE
	EndGlobalSection
	GlobalSection(ExtensibilityGlobals) = postSolution
		SolutionGuid = {51788185-7383-4E0F-952C-06DE52077AB3}
	EndGlobalSection
EndGlobal
