
Microsoft Visual Studio Solution File, Format Version 12.00
# Visual Studio Version 17
VisualStudioVersion = 17.6.33723.286
MinimumVisualStudioVersion = 10.0.40219.1
Project("{FAE04EC0-301F-11D3-BF4B-00C04F79EFBC}") = "Assignment17", "Assignment17\Assignment17.csproj", "{52EB4A2C-E0F6-4CE1-87A1-5AE486176469}"
EndProject
Global
	GlobalSection(SolutionConfigurationPlatforms) = preSolution
		Debug|Any CPU = Debug|Any CPU
		Release|Any CPU = Release|Any CPU
	EndGlobalSection
	GlobalSection(ProjectConfigurationPlatforms) = postSolution
		{52EB4A2C-E0F6-4CE1-87A1-5AE486176469}.Debug|Any CPU.ActiveCfg = Debug|Any CPU
		{52EB4A2C-E0F6-4CE1-87A1-5AE486176469}.Debug|Any CPU.Build.0 = Debug|Any CPU
		{52EB4A2C-E0F6-4CE1-87A1-5AE486176469}.Release|Any CPU.ActiveCfg = Release|Any CPU
		{52EB4A2C-E0F6-4CE1-87A1-5AE486176469}.Release|Any CPU.Build.0 = Release|Any CPU
	EndGlobalSection
	GlobalSection(SolutionProperties) = preSolution
		HideSolutionNode = FALSE
	EndGlobalSection
	GlobalSection(ExtensibilityGlobals) = postSolution
		SolutionGuid = {23855247-1F2B-4AA6-9864-00206301E27D}
	EndGlobalSection
EndGlobal
